
Microsoft Visual Studio Solution File, Format Version 12.00
# Visual Studio Version 17
VisualStudioVersion = 17.5.33627.172
MinimumVisualStudioVersion = 10.0.40219.1
Project("{9A19103F-16F7-4668-BE54-9A1E7A4F7556}") = "LorcanaConsoleApp", "LorcanaConsoleApp\LorcanaConsoleApp.csproj", "{D92939EB-BDB9-4CC8-8287-12AEC48F980C}"
EndProject
Project("{9A19103F-16F7-4668-BE54-9A1E7A4F7556}") = "LorcanaLogic", "LorcanaLogic\LorcanaLogic.csproj", "{2783E5D2-22D6-4149-88A4-C17D1C935547}"
EndProject
Project("{9A19103F-16F7-4668-BE54-9A1E7A4F7556}") = "LorcanaLogic.Contracts", "LorcanaLogic.Contracts\LorcanaLogic.Contracts.csproj", "{EC473409-2EBE-4F03-92D1-A504905719FA}"
EndProject
Project("{FAE04EC0-301F-11D3-BF4B-00C04F79EFBC}") = "CrimsonInk", "CrimsonInk\CrimsonInk.csproj", "{58EB2097-E1C5-4E98-B8EC-66CC80C3D07E}"
EndProject
Global
	GlobalSection(SolutionConfigurationPlatforms) = preSolution
		Debug|Any CPU = Debug|Any CPU
		Release|Any CPU = Release|Any CPU
	EndGlobalSection
	GlobalSection(ProjectConfigurationPlatforms) = postSolution
		{D92939EB-BDB9-4CC8-8287-12AEC48F980C}.Debug|Any CPU.ActiveCfg = Debug|Any CPU
		{D92939EB-BDB9-4CC8-8287-12AEC48F980C}.Debug|Any CPU.Build.0 = Debug|Any CPU
		{D92939EB-BDB9-4CC8-8287-12AEC48F980C}.Release|Any CPU.ActiveCfg = Release|Any CPU
		{D92939EB-BDB9-4CC8-8287-12AEC48F980C}.Release|Any CPU.Build.0 = Release|Any CPU
		{2783E5D2-22D6-4149-88A4-C17D1C935547}.Debug|Any CPU.ActiveCfg = Debug|Any CPU
		{2783E5D2-22D6-4149-88A4-C17D1C935547}.Debug|Any CPU.Build.0 = Debug|Any CPU
		{2783E5D2-22D6-4149-88A4-C17D1C935547}.Release|Any CPU.ActiveCfg = Release|Any CPU
		{2783E5D2-22D6-4149-88A4-C17D1C935547}.Release|Any CPU.Build.0 = Release|Any CPU
		{EC473409-2EBE-4F03-92D1-A504905719FA}.Debug|Any CPU.ActiveCfg = Debug|Any CPU
		{EC473409-2EBE-4F03-92D1-A504905719FA}.Debug|Any CPU.Build.0 = Debug|Any CPU
		{EC473409-2EBE-4F03-92D1-A504905719FA}.Release|Any CPU.ActiveCfg = Release|Any CPU
		{EC473409-2EBE-4F03-92D1-A504905719FA}.Release|Any CPU.Build.0 = Release|Any CPU
		{58EB2097-E1C5-4E98-B8EC-66CC80C3D07E}.Debug|Any CPU.ActiveCfg = Debug|Any CPU
		{58EB2097-E1C5-4E98-B8EC-66CC80C3D07E}.Debug|Any CPU.Build.0 = Debug|Any CPU
		{58EB2097-E1C5-4E98-B8EC-66CC80C3D07E}.Release|Any CPU.ActiveCfg = Release|Any CPU
		{58EB2097-E1C5-4E98-B8EC-66CC80C3D07E}.Release|Any CPU.Build.0 = Release|Any CPU
	EndGlobalSection
	GlobalSection(SolutionProperties) = preSolution
		HideSolutionNode = FALSE
	EndGlobalSection
	GlobalSection(ExtensibilityGlobals) = postSolution
		SolutionGuid = {A1A56615-EE5F-4EE9-8D14-D53FA06BCC35}
	EndGlobalSection
EndGlobal
